<?xml version="1.0" encoding="utf-8"?>
<Project ToolsVersion="4.0" xmlns="http://schemas.microsoft.com/developer/msbuild/2003">
  <ItemGroup>
    <Filter Include="Source Files">
      <UniqueIdentifier>{4FC737F1-C7A5-4376-A066-2A32D752A2FF}</UniqueIdentifier>
      <Extensions>cpp;c;cc;cxx;def;odl;idl;hpj;bat;asm;asmx</Extensions>
    </Filter>
    <Filter Include="Header Files">
      <UniqueIdentifier>{93995380-89BD-4b04-88EB-625FBE52EBFB}</UniqueIdentifier>
      <Extensions>h;hpp;hxx;hm;inl;inc;xsd</Extensions>
    </Filter>
    <Filter Include="Header Files\daisy">
      <UniqueIdentifier>{bde75060-c38f-4841-87d6-757dca4b17ed}</UniqueIdentifier>
    </Filter>
    <Filter Include="Header Files\kutility">
      <UniqueIdentifier>{35b77cb1-dd41-4b6b-8996-d3a1d272f827}</UniqueIdentifier>
    </Filter>
    <Filter Include="Resource Files">
      <UniqueIdentifier>{67DA6AB6-F800-4c08-8B7A-83BB121AAD01}</UniqueIdentifier>
      <Extensions>rc;ico;cur;bmp;dlg;rc2;rct;bin;rgs;gif;jpg;jpeg;jpe;resx;tiff;tif;png;wav</Extensions>
    </Filter>
  </ItemGroup>
  <ItemGroup>
    <ClCompile Include="corecv.cpp">
      <Filter>Source Files</Filter>
    </ClCompile>
    <ClCompile Include="daisy.cpp">
      <Filter>Source Files</Filter>
    </ClCompile>
    <ClCompile Include="general.cpp">
      <Filter>Source Files</Filter>
    </ClCompile>
    <ClCompile Include="image_io_bmp.cpp">
      <Filter>Source Files</Filter>
    </ClCompile>
    <ClCompile Include="image_io_jpeg.cpp">
      <Filter>Source Files</Filter>
    </ClCompile>
    <ClCompile Include="image_io_png.cpp">
      <Filter>Source Files</Filter>
    </ClCompile>
    <ClCompile Include="image_io_pnm.cpp">
      <Filter>Source Files</Filter>
    </ClCompile>
    <ClCompile Include="image_manipulation.cpp">
      <Filter>Source Files</Filter>
    </ClCompile>
    <ClCompile Include="interaction.cpp">
      <Filter>Source Files</Filter>
    </ClCompile>
    <ClCompile Include="progress_bar.cpp">
      <Filter>Source Files</Filter>
    </ClCompile>
  </ItemGroup>
  <ItemGroup>
    <ClInclude Include="daisy\daisy.h">
      <Filter>Header Files\daisy</Filter>
    </ClInclude>
    <ClInclude Include="kutility\convolution.h">
      <Filter>Header Files\kutility</Filter>
    </ClInclude>
    <ClInclude Include="kutility\convolution_default.h">
      <Filter>Header Files\kutility</Filter>
    </ClInclude>
    <ClInclude Include="kutility\convolution_opencv.h">
      <Filter>Header Files\kutility</Filter>
    </ClInclude>
    <ClInclude Include="kutility\corecv.h">
      <Filter>Header Files\kutility</Filter>
    </ClInclude>
    <ClInclude Include="kutility\fileio.h">
      <Filter>Header Files\kutility</Filter>
    </ClInclude>
    <ClInclude Include="kutility\general.h">
      <Filter>Header Files\kutility</Filter>
    </ClInclude>
    <ClInclude Include="kutility\image.h">
      <Filter>Header Files\kutility</Filter>
    </ClInclude>
    <ClInclude Include="kutility\image_io.h">
      <Filter>Header Files\kutility</Filter>
    </ClInclude>
    <ClInclude Include="kutility\image_io_bmp.h">
      <Filter>Header Files\kutility</Filter>
    </ClInclude>
    <ClInclude Include="kutility\image_io_jpeg.h">
      <Filter>Header Files\kutility</Filter>
    </ClInclude>
    <ClInclude Include="kutility\image_io_png.h">
      <Filter>Header Files\kutility</Filter>
    </ClInclude>
    <ClInclude Include="kutility\image_io_pnm.h">
      <Filter>Header Files\kutility</Filter>
    </ClInclude>
    <ClInclude Include="kutility\image_manipulation.h">
      <Filter>Header Files\kutility</Filter>
    </ClInclude>
    <ClInclude Include="kutility\interaction.h">
      <Filter>Header Files\kutility</Filter>
    </ClInclude>
    <ClInclude Include="kutility\math.h">
      <Filter>Header Files\kutility</Filter>
    </ClInclude>
    <ClInclude Include="kutility\progress_bar.h">
      <Filter>Header Files\kutility</Filter>
    </ClInclude>
  </ItemGroup>
  <ItemGroup>
    <None Include="kutility\fileio.tcc">
      <Filter>Header Files\kutility</Filter>
    </None>
    <None Include="kutility\kutility.def">
      <Filter>Header Files\kutility</Filter>
    </None>
    <None Include="ReadMe.txt" />
  </ItemGroup>
</Project>