
Microsoft Visual Studio Solution File, Format Version 11.00
# Visual Studio 2010
Project("{8BC9CEB8-8B4A-11D0-8D11-00A0C91BC942}") = "MVS", "MVS\MVS.vcxproj", "{517E4BBF-137C-492C-9168-0DB1D75F680D}"
EndProject
Project("{8BC9CEB8-8B4A-11D0-8D11-00A0C91BC942}") = "libDaisy", "libDaisy\libDaisy.vcxproj", "{5F96411B-D588-4142-845F-36266BB4419A}"
EndProject
Project("{8BC9CEB8-8B4A-11D0-8D11-00A0C91BC942}") = "libCMinPack", "libCMinPack\libCMinPack.vcxproj", "{B9388441-F785-4C10-A806-7644B4D4EE71}"
EndProject
Global
	GlobalSection(SolutionConfigurationPlatforms) = preSolution
		Debug|Win32 = Debug|Win32
		Debug|x64 = Debug|x64
		Release|Win32 = Release|Win32
		Release|x64 = Release|x64
	EndGlobalSection
	GlobalSection(ProjectConfigurationPlatforms) = postSolution
		{517E4BBF-137C-492C-9168-0DB1D75F680D}.Debug|Win32.ActiveCfg = Debug|Win32
		{517E4BBF-137C-492C-9168-0DB1D75F680D}.Debug|Win32.Build.0 = Debug|Win32
		{517E4BBF-137C-492C-9168-0DB1D75F680D}.Debug|x64.ActiveCfg = Debug|x64
		{517E4BBF-137C-492C-9168-0DB1D75F680D}.Debug|x64.Build.0 = Debug|x64
		{517E4BBF-137C-492C-9168-0DB1D75F680D}.Release|Win32.ActiveCfg = Release|Win32
		{517E4BBF-137C-492C-9168-0DB1D75F680D}.Release|Win32.Build.0 = Release|Win32
		{517E4BBF-137C-492C-9168-0DB1D75F680D}.Release|x64.ActiveCfg = Release|x64
		{517E4BBF-137C-492C-9168-0DB1D75F680D}.Release|x64.Build.0 = Release|x64
		{5F96411B-D588-4142-845F-36266BB4419A}.Debug|Win32.ActiveCfg = Debug|Win32
		{5F96411B-D588-4142-845F-36266BB4419A}.Debug|Win32.Build.0 = Debug|Win32
		{5F96411B-D588-4142-845F-36266BB4419A}.Debug|x64.ActiveCfg = Debug|x64
		{5F96411B-D588-4142-845F-36266BB4419A}.Debug|x64.Build.0 = Debug|x64
		{5F96411B-D588-4142-845F-36266BB4419A}.Release|Win32.ActiveCfg = Release|Win32
		{5F96411B-D588-4142-845F-36266BB4419A}.Release|Win32.Build.0 = Release|Win32
		{5F96411B-D588-4142-845F-36266BB4419A}.Release|x64.ActiveCfg = Release|x64
		{5F96411B-D588-4142-845F-36266BB4419A}.Release|x64.Build.0 = Release|x64
		{B9388441-F785-4C10-A806-7644B4D4EE71}.Debug|Win32.ActiveCfg = Debug|Win32
		{B9388441-F785-4C10-A806-7644B4D4EE71}.Debug|Win32.Build.0 = Debug|Win32
		{B9388441-F785-4C10-A806-7644B4D4EE71}.Debug|x64.ActiveCfg = Debug|x64
		{B9388441-F785-4C10-A806-7644B4D4EE71}.Debug|x64.Build.0 = Debug|x64
		{B9388441-F785-4C10-A806-7644B4D4EE71}.Release|Win32.ActiveCfg = Release|Win32
		{B9388441-F785-4C10-A806-7644B4D4EE71}.Release|Win32.Build.0 = Release|Win32
		{B9388441-F785-4C10-A806-7644B4D4EE71}.Release|x64.ActiveCfg = Release|x64
		{B9388441-F785-4C10-A806-7644B4D4EE71}.Release|x64.Build.0 = Release|x64
	EndGlobalSection
	GlobalSection(SolutionProperties) = preSolution
		HideSolutionNode = FALSE
	EndGlobalSection
EndGlobal
